
Microsoft Visual Studio Solution File, Format Version 12.00
# Visual Studio 14
VisualStudioVersion = 14.0.25420.1
MinimumVisualStudioVersion = 10.0.40219.1
Project("{FAE04EC0-301F-11D3-BF4B-00C04F79EFBC}") = "MSTest.Test", "MSTest.Test\MSTest.Test.csproj", "{C1B1D758-1F6B-450C-86AA-F807A977CA82}"
EndProject
Project("{FAE04EC0-301F-11D3-BF4B-00C04F79EFBC}") = "Nunit.Test", "Nunit.Test\Nunit.Test.csproj", "{6C9FB8E6-979F-4E70-8FAC-64AFE39A1C78}"
EndProject
Project("{FAE04EC0-301F-11D3-BF4B-00C04F79EFBC}") = "Nunit.Selenium.Test", "Nunit.Selenium.Test\Nunit.Selenium.Test.csproj", "{A2C4F41C-95BD-463B-8193-1824E42A8BB6}"
EndProject
Project("{F184B08F-C81C-45F6-A57F-5ABD9991F28F}") = "NUnit.vb.Test", "NUnit.vb.Test\NUnit.vb.Test.vbproj", "{6B1D4E4F-82C6-4A3F-95C6-EA1EE2C0C3CB}"
EndProject
Project("{F184B08F-C81C-45F6-A57F-5ABD9991F28F}") = "Examples.vb", "Examples.vb\Examples.vb.vbproj", "{29C0CDA5-30EA-4871-B1C0-29F2C804949F}"
EndProject
Project("{FAE04EC0-301F-11D3-BF4B-00C04F79EFBC}") = "Examples.cs", "Examples.cs\Examples.cs.csproj", "{8EDF4429-251A-416D-BB68-93F227191BCF}"
EndProject
Project("{F184B08F-C81C-45F6-A57F-5ABD9991F28F}") = "NUnit.vb.dotnet35.Test", "NUnit.vb.dotnet35.Test\NUnit.vb.dotnet35.Test.vbproj", "{5129C630-EFCE-47EF-8E06-847AA3EE7EB1}"
EndProject
Project("{FAE04EC0-301F-11D3-BF4B-00C04F79EFBC}") = "NUnit.dotnet35.Tests", "NUnit.dotnet35.Tests\NUnit.dotnet35.Tests.csproj", "{94E0977C-D1D6-4873-8E0F-CB7FA5204659}"
EndProject
Global
	GlobalSection(SolutionConfigurationPlatforms) = preSolution
		Debug|Any CPU = Debug|Any CPU
		Release|Any CPU = Release|Any CPU
	EndGlobalSection
	GlobalSection(ProjectConfigurationPlatforms) = postSolution
		{C1B1D758-1F6B-450C-86AA-F807A977CA82}.Debug|Any CPU.ActiveCfg = Debug|Any CPU
		{C1B1D758-1F6B-450C-86AA-F807A977CA82}.Debug|Any CPU.Build.0 = Debug|Any CPU
		{C1B1D758-1F6B-450C-86AA-F807A977CA82}.Release|Any CPU.ActiveCfg = Release|Any CPU
		{C1B1D758-1F6B-450C-86AA-F807A977CA82}.Release|Any CPU.Build.0 = Release|Any CPU
		{6C9FB8E6-979F-4E70-8FAC-64AFE39A1C78}.Debug|Any CPU.ActiveCfg = Debug|Any CPU
		{6C9FB8E6-979F-4E70-8FAC-64AFE39A1C78}.Debug|Any CPU.Build.0 = Debug|Any CPU
		{6C9FB8E6-979F-4E70-8FAC-64AFE39A1C78}.Release|Any CPU.ActiveCfg = Release|Any CPU
		{6C9FB8E6-979F-4E70-8FAC-64AFE39A1C78}.Release|Any CPU.Build.0 = Release|Any CPU
		{A2C4F41C-95BD-463B-8193-1824E42A8BB6}.Debug|Any CPU.ActiveCfg = Debug|Any CPU
		{A2C4F41C-95BD-463B-8193-1824E42A8BB6}.Debug|Any CPU.Build.0 = Debug|Any CPU
		{A2C4F41C-95BD-463B-8193-1824E42A8BB6}.Release|Any CPU.ActiveCfg = Release|Any CPU
		{A2C4F41C-95BD-463B-8193-1824E42A8BB6}.Release|Any CPU.Build.0 = Release|Any CPU
		{6B1D4E4F-82C6-4A3F-95C6-EA1EE2C0C3CB}.Debug|Any CPU.ActiveCfg = Debug|Any CPU
		{6B1D4E4F-82C6-4A3F-95C6-EA1EE2C0C3CB}.Debug|Any CPU.Build.0 = Debug|Any CPU
		{6B1D4E4F-82C6-4A3F-95C6-EA1EE2C0C3CB}.Release|Any CPU.ActiveCfg = Release|Any CPU
		{6B1D4E4F-82C6-4A3F-95C6-EA1EE2C0C3CB}.Release|Any CPU.Build.0 = Release|Any CPU
		{29C0CDA5-30EA-4871-B1C0-29F2C804949F}.Debug|Any CPU.ActiveCfg = Debug|Any CPU
		{29C0CDA5-30EA-4871-B1C0-29F2C804949F}.Debug|Any CPU.Build.0 = Debug|Any CPU
		{29C0CDA5-30EA-4871-B1C0-29F2C804949F}.Release|Any CPU.ActiveCfg = Release|Any CPU
		{29C0CDA5-30EA-4871-B1C0-29F2C804949F}.Release|Any CPU.Build.0 = Release|Any CPU
		{8EDF4429-251A-416D-BB68-93F227191BCF}.Debug|Any CPU.ActiveCfg = Debug|Any CPU
		{8EDF4429-251A-416D-BB68-93F227191BCF}.Debug|Any CPU.Build.0 = Debug|Any CPU
		{8EDF4429-251A-416D-BB68-93F227191BCF}.Release|Any CPU.ActiveCfg = Release|Any CPU
		{8EDF4429-251A-416D-BB68-93F227191BCF}.Release|Any CPU.Build.0 = Release|Any CPU
		{5129C630-EFCE-47EF-8E06-847AA3EE7EB1}.Debug|Any CPU.ActiveCfg = Debug|Any CPU
		{5129C630-EFCE-47EF-8E06-847AA3EE7EB1}.Debug|Any CPU.Build.0 = Debug|Any CPU
		{5129C630-EFCE-47EF-8E06-847AA3EE7EB1}.Release|Any CPU.ActiveCfg = Release|Any CPU
		{5129C630-EFCE-47EF-8E06-847AA3EE7EB1}.Release|Any CPU.Build.0 = Release|Any CPU
		{94E0977C-D1D6-4873-8E0F-CB7FA5204659}.Debug|Any CPU.ActiveCfg = Debug|Any CPU
		{94E0977C-D1D6-4873-8E0F-CB7FA5204659}.Debug|Any CPU.Build.0 = Debug|Any CPU
		{94E0977C-D1D6-4873-8E0F-CB7FA5204659}.Release|Any CPU.ActiveCfg = Release|Any CPU
		{94E0977C-D1D6-4873-8E0F-CB7FA5204659}.Release|Any CPU.Build.0 = Release|Any CPU
	EndGlobalSection
	GlobalSection(SolutionProperties) = preSolution
		HideSolutionNode = FALSE
	EndGlobalSection
	GlobalSection(ExtensibilityGlobals) = postSolution
		SolutionGuid = {34CBD0C1-C6CE-4294-BEED-4CDE541F8337}
	EndGlobalSection
EndGlobal
