
Microsoft Visual Studio Solution File, Format Version 12.00
# Visual Studio 14
VisualStudioVersion = 14.0.25420.1
MinimumVisualStudioVersion = 10.0.40219.1
Project("{FAE04EC0-301F-11D3-BF4B-00C04F79EFBC}") = "Misc", "Misc\Misc.csproj", "{46640E2D-A87E-48E0-8120-70DC97F118F3}"
EndProject
Project("{FAE04EC0-301F-11D3-BF4B-00C04F79EFBC}") = "MSTest.Test", "MSTest.Test\MSTest.Test.csproj", "{C1B1D758-1F6B-450C-86AA-F807A977CA82}"
EndProject
Project("{FAE04EC0-301F-11D3-BF4B-00C04F79EFBC}") = "Nunit.Test", "Nunit.Test\Nunit.Test.csproj", "{6C9FB8E6-979F-4E70-8FAC-64AFE39A1C78}"
EndProject
Global
	GlobalSection(SolutionConfigurationPlatforms) = preSolution
		Debug|Any CPU = Debug|Any CPU
		Release|Any CPU = Release|Any CPU
	EndGlobalSection
	GlobalSection(ProjectConfigurationPlatforms) = postSolution
		{46640E2D-A87E-48E0-8120-70DC97F118F3}.Debug|Any CPU.ActiveCfg = Debug|Any CPU
		{46640E2D-A87E-48E0-8120-70DC97F118F3}.Debug|Any CPU.Build.0 = Debug|Any CPU
		{46640E2D-A87E-48E0-8120-70DC97F118F3}.Release|Any CPU.ActiveCfg = Release|Any CPU
		{46640E2D-A87E-48E0-8120-70DC97F118F3}.Release|Any CPU.Build.0 = Release|Any CPU
		{C1B1D758-1F6B-450C-86AA-F807A977CA82}.Debug|Any CPU.ActiveCfg = Debug|Any CPU
		{C1B1D758-1F6B-450C-86AA-F807A977CA82}.Debug|Any CPU.Build.0 = Debug|Any CPU
		{C1B1D758-1F6B-450C-86AA-F807A977CA82}.Release|Any CPU.ActiveCfg = Release|Any CPU
		{C1B1D758-1F6B-450C-86AA-F807A977CA82}.Release|Any CPU.Build.0 = Release|Any CPU
		{6C9FB8E6-979F-4E70-8FAC-64AFE39A1C78}.Debug|Any CPU.ActiveCfg = Debug|Any CPU
		{6C9FB8E6-979F-4E70-8FAC-64AFE39A1C78}.Debug|Any CPU.Build.0 = Debug|Any CPU
		{6C9FB8E6-979F-4E70-8FAC-64AFE39A1C78}.Release|Any CPU.ActiveCfg = Release|Any CPU
		{6C9FB8E6-979F-4E70-8FAC-64AFE39A1C78}.Release|Any CPU.Build.0 = Release|Any CPU
	EndGlobalSection
	GlobalSection(SolutionProperties) = preSolution
		HideSolutionNode = FALSE
	EndGlobalSection
EndGlobal
